
Microsoft Visual Studio Solution File, Format Version 12.00
# Visual Studio 2012
Project("{FAE04EC0-301F-11D3-BF4B-00C04F79EFBC}") = "MercPlusLibrary", "MercPlusLibrary.csproj", "{35051BB7-DF1E-4763-812A-540C32EFE282}"
EndProject
Global
	GlobalSection(SolutionConfigurationPlatforms) = preSolution
		Debug|Any CPU = Debug|Any CPU
		Release|Any CPU = Release|Any CPU
	EndGlobalSection
	GlobalSection(ProjectConfigurationPlatforms) = postSolution
		{35051BB7-DF1E-4763-812A-540C32EFE282}.Debug|Any CPU.ActiveCfg = Debug|Any CPU
		{35051BB7-DF1E-4763-812A-540C32EFE282}.Debug|Any CPU.Build.0 = Debug|Any CPU
		{35051BB7-DF1E-4763-812A-540C32EFE282}.Release|Any CPU.ActiveCfg = Release|Any CPU
		{35051BB7-DF1E-4763-812A-540C32EFE282}.Release|Any CPU.Build.0 = Release|Any CPU
	EndGlobalSection
	GlobalSection(SolutionProperties) = preSolution
		HideSolutionNode = FALSE
	EndGlobalSection
EndGlobal
