
Microsoft Visual Studio Solution File, Format Version 12.00
# Visual Studio 2012
Project("{FAE04EC0-301F-11D3-BF4B-00C04F79EFBC}") = "MercWorkOrderWebService", "MercWorkOrderWebService\MercWorkOrderWebService.csproj", "{E60E3EB2-07BD-415D-862B-C9E314885210}"
EndProject
Global
	GlobalSection(SolutionConfigurationPlatforms) = preSolution
		Debug|Any CPU = Debug|Any CPU
		Release|Any CPU = Release|Any CPU
	EndGlobalSection
	GlobalSection(ProjectConfigurationPlatforms) = postSolution
		{E60E3EB2-07BD-415D-862B-C9E314885210}.Debug|Any CPU.ActiveCfg = Debug|Any CPU
		{E60E3EB2-07BD-415D-862B-C9E314885210}.Debug|Any CPU.Build.0 = Debug|Any CPU
		{E60E3EB2-07BD-415D-862B-C9E314885210}.Release|Any CPU.ActiveCfg = Release|Any CPU
		{E60E3EB2-07BD-415D-862B-C9E314885210}.Release|Any CPU.Build.0 = Release|Any CPU
	EndGlobalSection
	GlobalSection(SolutionProperties) = preSolution
		HideSolutionNode = FALSE
	EndGlobalSection
EndGlobal
